
Microsoft Visual Studio Solution File, Format Version 12.00
# Visual Studio Version 16
VisualStudioVersion = 16.0.29326.143
MinimumVisualStudioVersion = 10.0.40219.1
Project("{FAE04EC0-301F-11D3-BF4B-00C04F79EFBC}") = "AssignmentAsp", "AssignmentAsp\AssignmentAsp.csproj", "{EC71E7B6-DAF6-465B-8307-238E1DB11A1E}"
EndProject
Global
	GlobalSection(SolutionConfigurationPlatforms) = preSolution
		Debug|Any CPU = Debug|Any CPU
		Release|Any CPU = Release|Any CPU
	EndGlobalSection
	GlobalSection(ProjectConfigurationPlatforms) = postSolution
		{EC71E7B6-DAF6-465B-8307-238E1DB11A1E}.Debug|Any CPU.ActiveCfg = Debug|Any CPU
		{EC71E7B6-DAF6-465B-8307-238E1DB11A1E}.Debug|Any CPU.Build.0 = Debug|Any CPU
		{EC71E7B6-DAF6-465B-8307-238E1DB11A1E}.Release|Any CPU.ActiveCfg = Release|Any CPU
		{EC71E7B6-DAF6-465B-8307-238E1DB11A1E}.Release|Any CPU.Build.0 = Release|Any CPU
	EndGlobalSection
	GlobalSection(SolutionProperties) = preSolution
		HideSolutionNode = FALSE
	EndGlobalSection
	GlobalSection(ExtensibilityGlobals) = postSolution
		SolutionGuid = {44D77B4F-CD17-46FA-B2FC-34D32EEE2C6E}
	EndGlobalSection
EndGlobal
